// !$*UTF8*$!
{
	archiveVersion = 1;
	classes = {
	};
	objectVersion = 45;
	objects = {

/* Begin PBXBuildFile section */
		0329233E1055104F00D30E83 /* AppKit.framework in Frameworks */ = {isa = PBXBuildFile; fileRef = 29B97324FDCFA39411CA2CEA /* AppKit.framework */; };
		032923401055104F00D30E83 /* ApplicationServices.framework in Frameworks */ = {isa = PBXBuildFile; fileRef = 0329233F1055104F00D30E83 /* ApplicationServices.framework */; };
		032923801055129800D30E83 /* icon.icns in Resources */ = {isa = PBXBuildFile; fileRef = 0329237F1055129800D30E83 /* icon.icns */; };
		032923A1105512F800D30E83 /* ETAppleEventObject.m in Sources */ = {isa = PBXBuildFile; fileRef = 03292387105512F800D30E83 /* ETAppleEventObject.m */; };
		032923A2105512F800D30E83 /* ETDebug.m in Sources */ = {isa = PBXBuildFile; fileRef = 03292389105512F800D30E83 /* ETDebug.m */; };
		032923A3105512F800D30E83 /* ETEyeTunes.m in Sources */ = {isa = PBXBuildFile; fileRef = 0329238B105512F800D30E83 /* ETEyeTunes.m */; };
		032923A4105512F800D30E83 /* ETPlaylist.m in Sources */ = {isa = PBXBuildFile; fileRef = 0329238D105512F800D30E83 /* ETPlaylist.m */; };
		032923A5105512F800D30E83 /* ETPlaylistCache.m in Sources */ = {isa = PBXBuildFile; fileRef = 0329238F105512F800D30E83 /* ETPlaylistCache.m */; };
		032923A6105512F800D30E83 /* ETPlaylistEnumerator.m in Sources */ = {isa = PBXBuildFile; fileRef = 03292391105512F800D30E83 /* ETPlaylistEnumerator.m */; };
		032923A7105512F800D30E83 /* ETRootUserPlaylist.m in Sources */ = {isa = PBXBuildFile; fileRef = 03292393105512F800D30E83 /* ETRootUserPlaylist.m */; };
		032923A8105512F800D30E83 /* ETTrack.m in Sources */ = {isa = PBXBuildFile; fileRef = 03292395105512F800D30E83 /* ETTrack.m */; };
		032923A9105512F800D30E83 /* ETTrackEnumerator.m in Sources */ = {isa = PBXBuildFile; fileRef = 03292397105512F800D30E83 /* ETTrackEnumerator.m */; };
		032923AA105512F800D30E83 /* ETUserPlaylistEnumerator.m in Sources */ = {isa = PBXBuildFile; fileRef = 03292399105512F800D30E83 /* ETUserPlaylistEnumerator.m */; };
		032923AB105512F800D30E83 /* NSNumber+ETPlaylistNameSorting.m in Sources */ = {isa = PBXBuildFile; fileRef = 0329239E105512F800D30E83 /* NSNumber+ETPlaylistNameSorting.m */; };
		032923AC105512F800D30E83 /* NSString+LongLongValue.m in Sources */ = {isa = PBXBuildFile; fileRef = 032923A0105512F800D30E83 /* NSString+LongLongValue.m */; };
		03C64D30102EEB950081A12C /* Play.png in Resources */ = {isa = PBXBuildFile; fileRef = 03C64D2E102EEB950081A12C /* Play.png */; };
		03C64D31102EEB950081A12C /* Pause.png in Resources */ = {isa = PBXBuildFile; fileRef = 03C64D2F102EEB950081A12C /* Pause.png */; };
		1DDD58160DA1D0A300B32029 /* MainMenu.xib in Resources */ = {isa = PBXBuildFile; fileRef = 1DDD58140DA1D0A300B32029 /* MainMenu.xib */; };
		8D11072B0486CEB800E47090 /* InfoPlist.strings in Resources */ = {isa = PBXBuildFile; fileRef = 089C165CFE840E0CC02AAC07 /* InfoPlist.strings */; };
		8D11072D0486CEB800E47090 /* main.m in Sources */ = {isa = PBXBuildFile; fileRef = 29B97316FDCFA39411CA2CEA /* main.m */; settings = {ATTRIBUTES = (); }; };
		8D11072F0486CEB800E47090 /* Cocoa.framework in Frameworks */ = {isa = PBXBuildFile; fileRef = 1058C7A1FEA54F0111CA2CBB /* Cocoa.framework */; };
		EF247D610EEC653B002FB82F /* AppDelegate.m in Sources */ = {isa = PBXBuildFile; fileRef = EF247D600EEC653B002FB82F /* AppDelegate.m */; };
/* End PBXBuildFile section */

/* Begin PBXCopyFilesBuildPhase section */
		EF247D3B0EEC18A0002FB82F /* CopyFiles */ = {
			isa = PBXCopyFilesBuildPhase;
			buildActionMask = 2147483647;
			dstPath = "";
			dstSubfolderSpec = 10;
			files = (
			);
			runOnlyForDeploymentPostprocessing = 0;
		};
/* End PBXCopyFilesBuildPhase section */

/* Begin PBXFileReference section */
		0329233F1055104F00D30E83 /* ApplicationServices.framework */ = {isa = PBXFileReference; lastKnownFileType = wrapper.framework; name = ApplicationServices.framework; path = /System/Library/Frameworks/ApplicationServices.framework; sourceTree = "<absolute>"; };
		0329237F1055129800D30E83 /* icon.icns */ = {isa = PBXFileReference; lastKnownFileType = image.icns; path = icon.icns; sourceTree = "<group>"; };
		03292386105512F800D30E83 /* ETAppleEventObject.h */ = {isa = PBXFileReference; fileEncoding = 4; lastKnownFileType = sourcecode.c.h; path = ETAppleEventObject.h; sourceTree = "<group>"; };
		03292387105512F800D30E83 /* ETAppleEventObject.m */ = {isa = PBXFileReference; fileEncoding = 4; lastKnownFileType = sourcecode.c.objc; path = ETAppleEventObject.m; sourceTree = "<group>"; };
		03292388105512F800D30E83 /* ETDebug.h */ = {isa = PBXFileReference; fileEncoding = 4; lastKnownFileType = sourcecode.c.h; path = ETDebug.h; sourceTree = "<group>"; };
		03292389105512F800D30E83 /* ETDebug.m */ = {isa = PBXFileReference; fileEncoding = 4; lastKnownFileType = sourcecode.c.objc; path = ETDebug.m; sourceTree = "<group>"; };
		0329238A105512F800D30E83 /* ETEyeTunes.h */ = {isa = PBXFileReference; fileEncoding = 4; lastKnownFileType = sourcecode.c.h; path = ETEyeTunes.h; sourceTree = "<group>"; };
		0329238B105512F800D30E83 /* ETEyeTunes.m */ = {isa = PBXFileReference; fileEncoding = 4; lastKnownFileType = sourcecode.c.objc; path = ETEyeTunes.m; sourceTree = "<group>"; };
		0329238C105512F800D30E83 /* ETPlaylist.h */ = {isa = PBXFileReference; fileEncoding = 4; lastKnownFileType = sourcecode.c.h; path = ETPlaylist.h; sourceTree = "<group>"; };
		0329238D105512F800D30E83 /* ETPlaylist.m */ = {isa = PBXFileReference; fileEncoding = 4; lastKnownFileType = sourcecode.c.objc; path = ETPlaylist.m; sourceTree = "<group>"; };
		0329238E105512F800D30E83 /* ETPlaylistCache.h */ = {isa = PBXFileReference; fileEncoding = 4; lastKnownFileType = sourcecode.c.h; path = ETPlaylistCache.h; sourceTree = "<group>"; };
		0329238F105512F800D30E83 /* ETPlaylistCache.m */ = {isa = PBXFileReference; fileEncoding = 4; lastKnownFileType = sourcecode.c.objc; path = ETPlaylistCache.m; sourceTree = "<group>"; };
		03292390105512F800D30E83 /* ETPlaylistEnumerator.h */ = {isa = PBXFileReference; fileEncoding = 4; lastKnownFileType = sourcecode.c.h; path = ETPlaylistEnumerator.h; sourceTree = "<group>"; };
		03292391105512F800D30E83 /* ETPlaylistEnumerator.m */ = {isa = PBXFileReference; fileEncoding = 4; lastKnownFileType = sourcecode.c.objc; path = ETPlaylistEnumerator.m; sourceTree = "<group>"; };
		03292392105512F800D30E83 /* ETRootUserPlaylist.h */ = {isa = PBXFileReference; fileEncoding = 4; lastKnownFileType = sourcecode.c.h; path = ETRootUserPlaylist.h; sourceTree = "<group>"; };
		03292393105512F800D30E83 /* ETRootUserPlaylist.m */ = {isa = PBXFileReference; fileEncoding = 4; lastKnownFileType = sourcecode.c.objc; path = ETRootUserPlaylist.m; sourceTree = "<group>"; };
		03292394105512F800D30E83 /* ETTrack.h */ = {isa = PBXFileReference; fileEncoding = 4; lastKnownFileType = sourcecode.c.h; path = ETTrack.h; sourceTree = "<group>"; };
		03292395105512F800D30E83 /* ETTrack.m */ = {isa = PBXFileReference; fileEncoding = 4; lastKnownFileType = sourcecode.c.objc; path = ETTrack.m; sourceTree = "<group>"; };
		03292396105512F800D30E83 /* ETTrackEnumerator.h */ = {isa = PBXFileReference; fileEncoding = 4; lastKnownFileType = sourcecode.c.h; path = ETTrackEnumerator.h; sourceTree = "<group>"; };
		03292397105512F800D30E83 /* ETTrackEnumerator.m */ = {isa = PBXFileReference; fileEncoding = 4; lastKnownFileType = sourcecode.c.objc; path = ETTrackEnumerator.m; sourceTree = "<group>"; };
		03292398105512F800D30E83 /* ETUserPlaylistEnumerator.h */ = {isa = PBXFileReference; fileEncoding = 4; lastKnownFileType = sourcecode.c.h; path = ETUserPlaylistEnumerator.h; sourceTree = "<group>"; };
		03292399105512F800D30E83 /* ETUserPlaylistEnumerator.m */ = {isa = PBXFileReference; fileEncoding = 4; lastKnownFileType = sourcecode.c.objc; path = ETUserPlaylistEnumerator.m; sourceTree = "<group>"; };
		0329239A105512F800D30E83 /* EyeTunes.h */ = {isa = PBXFileReference; fileEncoding = 4; lastKnownFileType = sourcecode.c.h; path = EyeTunes.h; sourceTree = "<group>"; };
		0329239B105512F800D30E83 /* EyeTunesEventCodes.h */ = {isa = PBXFileReference; fileEncoding = 4; lastKnownFileType = sourcecode.c.h; path = EyeTunesEventCodes.h; sourceTree = "<group>"; };
		0329239C105512F800D30E83 /* EyeTunesVersions.h */ = {isa = PBXFileReference; fileEncoding = 4; lastKnownFileType = sourcecode.c.h; path = EyeTunesVersions.h; sourceTree = "<group>"; };
		0329239D105512F800D30E83 /* NSNumber+ETPlaylistNameSorting.h */ = {isa = PBXFileReference; fileEncoding = 4; lastKnownFileType = sourcecode.c.h; path = "NSNumber+ETPlaylistNameSorting.h"; sourceTree = "<group>"; };
		0329239E105512F800D30E83 /* NSNumber+ETPlaylistNameSorting.m */ = {isa = PBXFileReference; fileEncoding = 4; lastKnownFileType = sourcecode.c.objc; path = "NSNumber+ETPlaylistNameSorting.m"; sourceTree = "<group>"; };
		0329239F105512F800D30E83 /* NSString+LongLongValue.h */ = {isa = PBXFileReference; fileEncoding = 4; lastKnownFileType = sourcecode.c.h; path = "NSString+LongLongValue.h"; sourceTree = "<group>"; };
		032923A0105512F800D30E83 /* NSString+LongLongValue.m */ = {isa = PBXFileReference; fileEncoding = 4; lastKnownFileType = sourcecode.c.objc; path = "NSString+LongLongValue.m"; sourceTree = "<group>"; };
		03C64D2E102EEB950081A12C /* Play.png */ = {isa = PBXFileReference; lastKnownFileType = image.png; path = Play.png; sourceTree = "<group>"; };
		03C64D2F102EEB950081A12C /* Pause.png */ = {isa = PBXFileReference; lastKnownFileType = image.png; path = Pause.png; sourceTree = "<group>"; };
		089C165DFE840E0CC02AAC07 /* English */ = {isa = PBXFileReference; fileEncoding = 10; lastKnownFileType = text.plist.strings; name = English; path = English.lproj/InfoPlist.strings; sourceTree = "<group>"; };
		1058C7A1FEA54F0111CA2CBB /* Cocoa.framework */ = {isa = PBXFileReference; lastKnownFileType = wrapper.framework; name = Cocoa.framework; path = /System/Library/Frameworks/Cocoa.framework; sourceTree = "<absolute>"; };
		13E42FB307B3F0F600E4EEF1 /* CoreData.framework */ = {isa = PBXFileReference; lastKnownFileType = wrapper.framework; name = CoreData.framework; path = /System/Library/Frameworks/CoreData.framework; sourceTree = "<absolute>"; };
		1DDD58150DA1D0A300B32029 /* English */ = {isa = PBXFileReference; lastKnownFileType = file.xib; name = English; path = English.lproj/MainMenu.xib; sourceTree = "<group>"; };
		29B97316FDCFA39411CA2CEA /* main.m */ = {isa = PBXFileReference; fileEncoding = 4; lastKnownFileType = sourcecode.c.objc; path = main.m; sourceTree = "<group>"; };
		29B97324FDCFA39411CA2CEA /* AppKit.framework */ = {isa = PBXFileReference; lastKnownFileType = wrapper.framework; name = AppKit.framework; path = /System/Library/Frameworks/AppKit.framework; sourceTree = "<absolute>"; };
		29B97325FDCFA39411CA2CEA /* Foundation.framework */ = {isa = PBXFileReference; lastKnownFileType = wrapper.framework; name = Foundation.framework; path = /System/Library/Frameworks/Foundation.framework; sourceTree = "<absolute>"; };
		32CA4F630368D1EE00C91783 /* itunes control_Prefix.pch */ = {isa = PBXFileReference; fileEncoding = 4; lastKnownFileType = sourcecode.c.h; path = "itunes control_Prefix.pch"; sourceTree = "<group>"; };
		8D1107310486CEB800E47090 /* Info.plist */ = {isa = PBXFileReference; fileEncoding = 4; lastKnownFileType = text.plist.xml; path = Info.plist; sourceTree = "<group>"; };
		8D1107320486CEB800E47090 /* TuneStat.app */ = {isa = PBXFileReference; explicitFileType = wrapper.application; includeInIndex = 0; path = TuneStat.app; sourceTree = BUILT_PRODUCTS_DIR; };
		EF247D5F0EEC653B002FB82F /* AppDelegate.h */ = {isa = PBXFileReference; fileEncoding = 4; lastKnownFileType = sourcecode.c.h; path = AppDelegate.h; sourceTree = "<group>"; };
		EF247D600EEC653B002FB82F /* AppDelegate.m */ = {isa = PBXFileReference; fileEncoding = 4; lastKnownFileType = sourcecode.c.objc; path = AppDelegate.m; sourceTree = "<group>"; };
/* End PBXFileReference section */

/* Begin PBXFrameworksBuildPhase section */
		8D11072E0486CEB800E47090 /* Frameworks */ = {
			isa = PBXFrameworksBuildPhase;
			buildActionMask = 2147483647;
			files = (
				8D11072F0486CEB800E47090 /* Cocoa.framework in Frameworks */,
				0329233E1055104F00D30E83 /* AppKit.framework in Frameworks */,
				032923401055104F00D30E83 /* ApplicationServices.framework in Frameworks */,
			);
			runOnlyForDeploymentPostprocessing = 0;
		};
/* End PBXFrameworksBuildPhase section */

/* Begin PBXGroup section */
		03292385105512F800D30E83 /* eyetunes */ = {
			isa = PBXGroup;
			children = (
				03292386105512F800D30E83 /* ETAppleEventObject.h */,
				03292387105512F800D30E83 /* ETAppleEventObject.m */,
				03292388105512F800D30E83 /* ETDebug.h */,
				03292389105512F800D30E83 /* ETDebug.m */,
				0329238A105512F800D30E83 /* ETEyeTunes.h */,
				0329238B105512F800D30E83 /* ETEyeTunes.m */,
				0329238C105512F800D30E83 /* ETPlaylist.h */,
				0329238D105512F800D30E83 /* ETPlaylist.m */,
				0329238E105512F800D30E83 /* ETPlaylistCache.h */,
				0329238F105512F800D30E83 /* ETPlaylistCache.m */,
				03292390105512F800D30E83 /* ETPlaylistEnumerator.h */,
				03292391105512F800D30E83 /* ETPlaylistEnumerator.m */,
				03292392105512F800D30E83 /* ETRootUserPlaylist.h */,
				03292393105512F800D30E83 /* ETRootUserPlaylist.m */,
				03292394105512F800D30E83 /* ETTrack.h */,
				03292395105512F800D30E83 /* ETTrack.m */,
				03292396105512F800D30E83 /* ETTrackEnumerator.h */,
				03292397105512F800D30E83 /* ETTrackEnumerator.m */,
				03292398105512F800D30E83 /* ETUserPlaylistEnumerator.h */,
				03292399105512F800D30E83 /* ETUserPlaylistEnumerator.m */,
				0329239A105512F800D30E83 /* EyeTunes.h */,
				0329239B105512F800D30E83 /* EyeTunesEventCodes.h */,
				0329239C105512F800D30E83 /* EyeTunesVersions.h */,
				0329239D105512F800D30E83 /* NSNumber+ETPlaylistNameSorting.h */,
				0329239E105512F800D30E83 /* NSNumber+ETPlaylistNameSorting.m */,
				0329239F105512F800D30E83 /* NSString+LongLongValue.h */,
				032923A0105512F800D30E83 /* NSString+LongLongValue.m */,
			);
			path = eyetunes;
			sourceTree = "<group>";
		};
		080E96DDFE201D6D7F000001 /* Classes */ = {
			isa = PBXGroup;
			children = (
				EF247D5F0EEC653B002FB82F /* AppDelegate.h */,
				EF247D600EEC653B002FB82F /* AppDelegate.m */,
			);
			name = Classes;
			sourceTree = "<group>";
		};
		1058C7A0FEA54F0111CA2CBB /* Linked Frameworks */ = {
			isa = PBXGroup;
			children = (
				1058C7A1FEA54F0111CA2CBB /* Cocoa.framework */,
				0329233F1055104F00D30E83 /* ApplicationServices.framework */,
			);
			name = "Linked Frameworks";
			sourceTree = "<group>";
		};
		1058C7A2FEA54F0111CA2CBB /* Other Frameworks */ = {
			isa = PBXGroup;
			children = (
				29B97324FDCFA39411CA2CEA /* AppKit.framework */,
				13E42FB307B3F0F600E4EEF1 /* CoreData.framework */,
				29B97325FDCFA39411CA2CEA /* Foundation.framework */,
			);
			name = "Other Frameworks";
			sourceTree = "<group>";
		};
		19C28FACFE9D520D11CA2CBB /* Products */ = {
			isa = PBXGroup;
			children = (
				8D1107320486CEB800E47090 /* TuneStat.app */,
			);
			name = Products;
			sourceTree = "<group>";
		};
		29B97314FDCFA39411CA2CEA /* itunes control */ = {
			isa = PBXGroup;
			children = (
				080E96DDFE201D6D7F000001 /* Classes */,
				29B97315FDCFA39411CA2CEA /* Other Sources */,
				29B97317FDCFA39411CA2CEA /* Resources */,
				29B97323FDCFA39411CA2CEA /* Frameworks */,
				19C28FACFE9D520D11CA2CBB /* Products */,
			);
			name = "itunes control";
			sourceTree = "<group>";
		};
		29B97315FDCFA39411CA2CEA /* Other Sources */ = {
			isa = PBXGroup;
			children = (
				03292385105512F800D30E83 /* eyetunes */,
				32CA4F630368D1EE00C91783 /* itunes control_Prefix.pch */,
				29B97316FDCFA39411CA2CEA /* main.m */,
			);
			name = "Other Sources";
			sourceTree = "<group>";
		};
		29B97317FDCFA39411CA2CEA /* Resources */ = {
			isa = PBXGroup;
			children = (
				0329237F1055129800D30E83 /* icon.icns */,
				03C64D2E102EEB950081A12C /* Play.png */,
				03C64D2F102EEB950081A12C /* Pause.png */,
				8D1107310486CEB800E47090 /* Info.plist */,
				089C165CFE840E0CC02AAC07 /* InfoPlist.strings */,
				1DDD58140DA1D0A300B32029 /* MainMenu.xib */,
			);
			name = Resources;
			sourceTree = "<group>";
		};
		29B97323FDCFA39411CA2CEA /* Frameworks */ = {
			isa = PBXGroup;
			children = (
				1058C7A0FEA54F0111CA2CBB /* Linked Frameworks */,
				1058C7A2FEA54F0111CA2CBB /* Other Frameworks */,
			);
			name = Frameworks;
			sourceTree = "<group>";
		};
/* End PBXGroup section */

/* Begin PBXNativeTarget section */
		8D1107260486CEB800E47090 /* TuneStat */ = {
			isa = PBXNativeTarget;
			buildConfigurationList = C01FCF4A08A954540054247B /* Build configuration list for PBXNativeTarget "TuneStat" */;
			buildPhases = (
				8D1107290486CEB800E47090 /* Resources */,
				8D11072C0486CEB800E47090 /* Sources */,
				8D11072E0486CEB800E47090 /* Frameworks */,
				EF247D3B0EEC18A0002FB82F /* CopyFiles */,
			);
			buildRules = (
			);
			dependencies = (
			);
			name = TuneStat;
			productInstallPath = "$(HOME)/Applications";
			productName = "itunes control";
			productReference = 8D1107320486CEB800E47090 /* TuneStat.app */;
			productType = "com.apple.product-type.application";
		};
/* End PBXNativeTarget section */

/* Begin PBXProject section */
		29B97313FDCFA39411CA2CEA /* Project object */ = {
			isa = PBXProject;
			buildConfigurationList = C01FCF4E08A954540054247B /* Build configuration list for PBXProject "itunes control" */;
			compatibilityVersion = "Xcode 3.1";
			hasScannedForEncodings = 1;
			mainGroup = 29B97314FDCFA39411CA2CEA /* itunes control */;
			projectDirPath = "";
			projectRoot = "";
			targets = (
				8D1107260486CEB800E47090 /* TuneStat */,
			);
		};
/* End PBXProject section */

/* Begin PBXResourcesBuildPhase section */
		8D1107290486CEB800E47090 /* Resources */ = {
			isa = PBXResourcesBuildPhase;
			buildActionMask = 2147483647;
			files = (
				8D11072B0486CEB800E47090 /* InfoPlist.strings in Resources */,
				1DDD58160DA1D0A300B32029 /* MainMenu.xib in Resources */,
				03C64D30102EEB950081A12C /* Play.png in Resources */,
				03C64D31102EEB950081A12C /* Pause.png in Resources */,
				032923801055129800D30E83 /* icon.icns in Resources */,
			);
			runOnlyForDeploymentPostprocessing = 0;
		};
/* End PBXResourcesBuildPhase section */

/* Begin PBXSourcesBuildPhase section */
		8D11072C0486CEB800E47090 /* Sources */ = {
			isa = PBXSourcesBuildPhase;
			buildActionMask = 2147483647;
			files = (
				8D11072D0486CEB800E47090 /* main.m in Sources */,
				EF247D610EEC653B002FB82F /* AppDelegate.m in Sources */,
				032923A1105512F800D30E83 /* ETAppleEventObject.m in Sources */,
				032923A2105512F800D30E83 /* ETDebug.m in Sources */,
				032923A3105512F800D30E83 /* ETEyeTunes.m in Sources */,
				032923A4105512F800D30E83 /* ETPlaylist.m in Sources */,
				032923A5105512F800D30E83 /* ETPlaylistCache.m in Sources */,
				032923A6105512F800D30E83 /* ETPlaylistEnumerator.m in Sources */,
				032923A7105512F800D30E83 /* ETRootUserPlaylist.m in Sources */,
				032923A8105512F800D30E83 /* ETTrack.m in Sources */,
				032923A9105512F800D30E83 /* ETTrackEnumerator.m in Sources */,
				032923AA105512F800D30E83 /* ETUserPlaylistEnumerator.m in Sources */,
				032923AB105512F800D30E83 /* NSNumber+ETPlaylistNameSorting.m in Sources */,
				032923AC105512F800D30E83 /* NSString+LongLongValue.m in Sources */,
			);
			runOnlyForDeploymentPostprocessing = 0;
		};
/* End PBXSourcesBuildPhase section */

/* Begin PBXVariantGroup section */
		089C165CFE840E0CC02AAC07 /* InfoPlist.strings */ = {
			isa = PBXVariantGroup;
			children = (
				089C165DFE840E0CC02AAC07 /* English */,
			);
			name = InfoPlist.strings;
			sourceTree = "<group>";
		};
		1DDD58140DA1D0A300B32029 /* MainMenu.xib */ = {
			isa = PBXVariantGroup;
			children = (
				1DDD58150DA1D0A300B32029 /* English */,
			);
			name = MainMenu.xib;
			sourceTree = "<group>";
		};
/* End PBXVariantGroup section */

/* Begin XCBuildConfiguration section */
		C01FCF4B08A954540054247B /* Debug */ = {
			isa = XCBuildConfiguration;
			buildSettings = {
				ALWAYS_SEARCH_USER_PATHS = NO;
				COPY_PHASE_STRIP = NO;
				FRAMEWORK_SEARCH_PATHS = (
					"$(inherited)",
					"\"$(SRCROOT)/../Desktop/eyetunes/build/Release\"",
					"\"$(SRCROOT)\"",
				);
				GCC_DYNAMIC_NO_PIC = NO;
				GCC_ENABLE_FIX_AND_CONTINUE = YES;
				GCC_MODEL_TUNING = G5;
				GCC_OPTIMIZATION_LEVEL = 0;
				GCC_PRECOMPILE_PREFIX_HEADER = YES;
				GCC_PREFIX_HEADER = "itunes control_Prefix.pch";
				INFOPLIST_FILE = Info.plist;
				INSTALL_PATH = "$(HOME)/Applications";
				PRODUCT_NAME = TuneStat;
			};
			name = Debug;
		};
		C01FCF4C08A954540054247B /* Release */ = {
			isa = XCBuildConfiguration;
			buildSettings = {
				ALWAYS_SEARCH_USER_PATHS = NO;
				DEBUG_INFORMATION_FORMAT = "dwarf-with-dsym";
				FRAMEWORK_SEARCH_PATHS = (
					"$(inherited)",
					"\"$(SRCROOT)/../Desktop/eyetunes/build/Release\"",
					"\"$(SRCROOT)\"",
				);
				GCC_MODEL_TUNING = G5;
				GCC_PRECOMPILE_PREFIX_HEADER = YES;
				GCC_PREFIX_HEADER = "itunes control_Prefix.pch";
				INFOPLIST_FILE = Info.plist;
				INSTALL_PATH = "$(HOME)/Applications";
				PRODUCT_NAME = TuneStat;
			};
			name = Release;
		};
		C01FCF4F08A954540054247B /* Debug */ = {
			isa = XCBuildConfiguration;
			buildSettings = {
				ARCHS = "$(ARCHS_STANDARD_32_64_BIT)";
				GCC_C_LANGUAGE_STANDARD = c99;
				GCC_ENABLE_OBJC_GC = unsupported;
				GCC_OPTIMIZATION_LEVEL = 0;
				GCC_WARN_ABOUT_RETURN_TYPE = YES;
				GCC_WARN_UNUSED_VARIABLE = YES;
				ONLY_ACTIVE_ARCH = YES;
				PREBINDING = NO;
				SDKROOT = macosx10.6;
			};
			name = Debug;
		};
		C01FCF5008A954540054247B /* Release */ = {
			isa = XCBuildConfiguration;
			buildSettings = {
				ARCHS = "$(ARCHS_STANDARD_32_64_BIT)";
				GCC_C_LANGUAGE_STANDARD = c99;
				GCC_ENABLE_OBJC_GC = unsupported;
				GCC_WARN_ABOUT_RETURN_TYPE = YES;
				GCC_WARN_UNUSED_VARIABLE = YES;
				PREBINDING = NO;
				SDKROOT = macosx10.6;
			};
			name = Release;
		};
/* End XCBuildConfiguration section */

/* Begin XCConfigurationList section */
		C01FCF4A08A954540054247B /* Build configuration list for PBXNativeTarget "TuneStat" */ = {
			isa = XCConfigurationList;
			buildConfigurations = (
				C01FCF4B08A954540054247B /* Debug */,
				C01FCF4C08A954540054247B /* Release */,
			);
			defaultConfigurationIsVisible = 0;
			defaultConfigurationName = Release;
		};
		C01FCF4E08A954540054247B /* Build configuration list for PBXProject "itunes control" */ = {
			isa = XCConfigurationList;
			buildConfigurations = (
				C01FCF4F08A954540054247B /* Debug */,
				C01FCF5008A954540054247B /* Release */,
			);
			defaultConfigurationIsVisible = 0;
			defaultConfigurationName = Release;
		};
/* End XCConfigurationList section */
	};
	rootObject = 29B97313FDCFA39411CA2CEA /* Project object */;
}
